
Microsoft Visual Studio Solution File, Format Version 12.00
# Visual Studio Version 17
VisualStudioVersion = 17.11.35312.102
MinimumVisualStudioVersion = 10.0.40219.1
Project("{FAE04EC0-301F-11D3-BF4B-00C04F79EFBC}") = "DERS4.1", "DERS4.1\DERS4.1.csproj", "{10860C4C-4EEC-47BD-ACCD-132228C79537}"
EndProject
Global
	GlobalSection(SolutionConfigurationPlatforms) = preSolution
		Debug|Any CPU = Debug|Any CPU
		Release|Any CPU = Release|Any CPU
	EndGlobalSection
	GlobalSection(ProjectConfigurationPlatforms) = postSolution
		{10860C4C-4EEC-47BD-ACCD-132228C79537}.Debug|Any CPU.ActiveCfg = Debug|Any CPU
		{10860C4C-4EEC-47BD-ACCD-132228C79537}.Debug|Any CPU.Build.0 = Debug|Any CPU
		{10860C4C-4EEC-47BD-ACCD-132228C79537}.Release|Any CPU.ActiveCfg = Release|Any CPU
		{10860C4C-4EEC-47BD-ACCD-132228C79537}.Release|Any CPU.Build.0 = Release|Any CPU
	EndGlobalSection
	GlobalSection(SolutionProperties) = preSolution
		HideSolutionNode = FALSE
	EndGlobalSection
	GlobalSection(ExtensibilityGlobals) = postSolution
		SolutionGuid = {985171F2-7934-42FB-A94D-949B21ABF12A}
	EndGlobalSection
EndGlobal
