
Microsoft Visual Studio Solution File, Format Version 12.00
# Visual Studio Version 17
VisualStudioVersion = 17.11.35312.102
MinimumVisualStudioVersion = 10.0.40219.1
Project("{FAE04EC0-301F-11D3-BF4B-00C04F79EFBC}") = "FORM1.1", "FORM1.1\FORM1.1.csproj", "{64C84EDE-7D7F-4AA5-9485-8221AB685675}"
EndProject
Global
	GlobalSection(SolutionConfigurationPlatforms) = preSolution
		Debug|Any CPU = Debug|Any CPU
		Release|Any CPU = Release|Any CPU
	EndGlobalSection
	GlobalSection(ProjectConfigurationPlatforms) = postSolution
		{64C84EDE-7D7F-4AA5-9485-8221AB685675}.Debug|Any CPU.ActiveCfg = Debug|Any CPU
		{64C84EDE-7D7F-4AA5-9485-8221AB685675}.Debug|Any CPU.Build.0 = Debug|Any CPU
		{64C84EDE-7D7F-4AA5-9485-8221AB685675}.Release|Any CPU.ActiveCfg = Release|Any CPU
		{64C84EDE-7D7F-4AA5-9485-8221AB685675}.Release|Any CPU.Build.0 = Release|Any CPU
	EndGlobalSection
	GlobalSection(SolutionProperties) = preSolution
		HideSolutionNode = FALSE
	EndGlobalSection
	GlobalSection(ExtensibilityGlobals) = postSolution
		SolutionGuid = {BEAE86E5-9C8B-471B-A7CD-6B6854003473}
	EndGlobalSection
EndGlobal
