
Microsoft Visual Studio Solution File, Format Version 12.00
# Visual Studio Version 17
VisualStudioVersion = 17.11.35312.102
MinimumVisualStudioVersion = 10.0.40219.1
Project("{FAE04EC0-301F-11D3-BF4B-00C04F79EFBC}") = "Ders3.3", "Ders3.3\Ders3.3.csproj", "{B6E627CB-CBD8-4478-A6C4-7D3A81A29E4F}"
EndProject
Global
	GlobalSection(SolutionConfigurationPlatforms) = preSolution
		Debug|Any CPU = Debug|Any CPU
		Release|Any CPU = Release|Any CPU
	EndGlobalSection
	GlobalSection(ProjectConfigurationPlatforms) = postSolution
		{B6E627CB-CBD8-4478-A6C4-7D3A81A29E4F}.Debug|Any CPU.ActiveCfg = Debug|Any CPU
		{B6E627CB-CBD8-4478-A6C4-7D3A81A29E4F}.Debug|Any CPU.Build.0 = Debug|Any CPU
		{B6E627CB-CBD8-4478-A6C4-7D3A81A29E4F}.Release|Any CPU.ActiveCfg = Release|Any CPU
		{B6E627CB-CBD8-4478-A6C4-7D3A81A29E4F}.Release|Any CPU.Build.0 = Release|Any CPU
	EndGlobalSection
	GlobalSection(SolutionProperties) = preSolution
		HideSolutionNode = FALSE
	EndGlobalSection
	GlobalSection(ExtensibilityGlobals) = postSolution
		SolutionGuid = {8A64640A-81C4-4F0B-9347-E5639F698D8C}
	EndGlobalSection
EndGlobal
