
Microsoft Visual Studio Solution File, Format Version 12.00
# Visual Studio Version 17
VisualStudioVersion = 17.12.35527.113 d17.12
MinimumVisualStudioVersion = 10.0.40219.1
Project("{FAE04EC0-301F-11D3-BF4B-00C04F79EFBC}") = "SinavCalisma1", "SinavCalisma1\SinavCalisma1.csproj", "{0361B462-1D60-4A0A-9BF4-8998A3A90AD1}"
EndProject
Global
	GlobalSection(SolutionConfigurationPlatforms) = preSolution
		Debug|Any CPU = Debug|Any CPU
		Release|Any CPU = Release|Any CPU
	EndGlobalSection
	GlobalSection(ProjectConfigurationPlatforms) = postSolution
		{0361B462-1D60-4A0A-9BF4-8998A3A90AD1}.Debug|Any CPU.ActiveCfg = Debug|Any CPU
		{0361B462-1D60-4A0A-9BF4-8998A3A90AD1}.Debug|Any CPU.Build.0 = Debug|Any CPU
		{0361B462-1D60-4A0A-9BF4-8998A3A90AD1}.Release|Any CPU.ActiveCfg = Release|Any CPU
		{0361B462-1D60-4A0A-9BF4-8998A3A90AD1}.Release|Any CPU.Build.0 = Release|Any CPU
	EndGlobalSection
	GlobalSection(SolutionProperties) = preSolution
		HideSolutionNode = FALSE
	EndGlobalSection
EndGlobal
